
Microsoft Visual Studio Solution File, Format Version 12.00
# Visual Studio Version 16
VisualStudioVersion = 16.0.31515.178
MinimumVisualStudioVersion = 10.0.40219.1
Project("{FAE04EC0-301F-11D3-BF4B-00C04F79EFBC}") = "ColbysBookStore", "ColbysBookStore\ColbysBookStore.csproj", "{A66B568B-E57E-464E-BCAC-507409ECDBDB}"
EndProject
Global
	GlobalSection(SolutionConfigurationPlatforms) = preSolution
		Debug|Any CPU = Debug|Any CPU
		Release|Any CPU = Release|Any CPU
	EndGlobalSection
	GlobalSection(ProjectConfigurationPlatforms) = postSolution
		{A66B568B-E57E-464E-BCAC-507409ECDBDB}.Debug|Any CPU.ActiveCfg = Debug|Any CPU
		{A66B568B-E57E-464E-BCAC-507409ECDBDB}.Debug|Any CPU.Build.0 = Debug|Any CPU
		{A66B568B-E57E-464E-BCAC-507409ECDBDB}.Release|Any CPU.ActiveCfg = Release|Any CPU
		{A66B568B-E57E-464E-BCAC-507409ECDBDB}.Release|Any CPU.Build.0 = Release|Any CPU
	EndGlobalSection
	GlobalSection(SolutionProperties) = preSolution
		HideSolutionNode = FALSE
	EndGlobalSection
	GlobalSection(ExtensibilityGlobals) = postSolution
		SolutionGuid = {ABA56231-5059-49AF-943C-BAA4AACCE754}
	EndGlobalSection
EndGlobal
